
Microsoft Visual Studio Solution File, Format Version 12.00
# Visual Studio Version 17
VisualStudioVersion = 17.3.32819.101
MinimumVisualStudioVersion = 10.0.40219.1
Project("{FAE04EC0-301F-11D3-BF4B-00C04F79EFBC}") = "BarrageGrab", "BarrageGrab\BarrageGrab.csproj", "{C0C6790B-E86B-445E-9DCA-CB15F8BF3FE3}"
EndProject
Global
	GlobalSection(SolutionConfigurationPlatforms) = preSolution
		Debug|Any CPU = Debug|Any CPU
		Release|Any CPU = Release|Any CPU
	EndGlobalSection
	GlobalSection(ProjectConfigurationPlatforms) = postSolution
		{C0C6790B-E86B-445E-9DCA-CB15F8BF3FE3}.Debug|Any CPU.ActiveCfg = Debug|Any CPU
		{C0C6790B-E86B-445E-9DCA-CB15F8BF3FE3}.Debug|Any CPU.Build.0 = Debug|Any CPU
		{C0C6790B-E86B-445E-9DCA-CB15F8BF3FE3}.Release|Any CPU.ActiveCfg = Release|Any CPU
		{C0C6790B-E86B-445E-9DCA-CB15F8BF3FE3}.Release|Any CPU.Build.0 = Release|Any CPU
	EndGlobalSection
	GlobalSection(SolutionProperties) = preSolution
		HideSolutionNode = FALSE
	EndGlobalSection
	GlobalSection(ExtensibilityGlobals) = postSolution
		SolutionGuid = {A2729211-50A6-4F51-87C2-3429CB6C5BA6}
	EndGlobalSection
EndGlobal
